<?xml version="1.0" encoding="utf-8"?>
<Project ToolsVersion="4.0" xmlns="http://schemas.microsoft.com/developer/msbuild/2003">
  <ItemGroup>
    <Filter Include="소스 파일">
      <UniqueIdentifier>{4FC737F1-C7A5-4376-A066-2A32D752A2FF}</UniqueIdentifier>
      <Extensions>cpp;c;cc;cxx;def;odl;idl;hpj;bat;asm;asmx</Extensions>
    </Filter>
    <Filter Include="리소스 파일">
      <UniqueIdentifier>{67DA6AB6-F800-4c08-8B7A-83BB121AAD01}</UniqueIdentifier>
      <Extensions>rc;ico;cur;bmp;dlg;rc2;rct;bin;rgs;gif;jpg;jpeg;jpe;resx;tiff;tif;png;wav;mfcribbon-ms</Extensions>
    </Filter>
    <Filter Include="헤더 파일">
      <UniqueIdentifier>{93995380-89BD-4b04-88EB-625FBE52EBFB}</UniqueIdentifier>
      <Extensions>h;hh;hpp;hxx;hm;inl;inc;xsd</Extensions>
    </Filter>
  </ItemGroup>
  <ItemGroup>
    <ClInclude Include="stdafx.h">
      <Filter>헤더 파일</Filter>
    </ClInclude>
    <ClInclude Include="targetver.h">
      <Filter>헤더 파일</Filter>
    </ClInclude>
    <ClInclude Include="Point.h">
      <Filter>헤더 파일</Filter>
    </ClInclude>
    <ClInclude Include="Simple_window.h">
      <Filter>헤더 파일</Filter>
    </ClInclude>
    <ClInclude Include="std_lib_facilities.h">
      <Filter>헤더 파일</Filter>
    </ClInclude>
    <ClInclude Include="Window.h">
      <Filter>헤더 파일</Filter>
    </ClInclude>
    <ClInclude Include="Maze_windows.h">
      <Filter>헤더 파일</Filter>
    </ClInclude>
    <ClInclude Include="Maze_Maker.h">
      <Filter>헤더 파일</Filter>
    </ClInclude>
    <ClInclude Include="Maze_Display.h">
      <Filter>헤더 파일</Filter>
    </ClInclude>
    <ClInclude Include="Maze_Finder.h">
      <Filter>헤더 파일</Filter>
    </ClInclude>
    <ClInclude Include="Maze_Changer.h">
      <Filter>헤더 파일</Filter>
    </ClInclude>
    <ClInclude Include="Graph.h">
      <Filter>헤더 파일</Filter>
    </ClInclude>
    <ClInclude Include="GUI.h">
      <Filter>헤더 파일</Filter>
    </ClInclude>
    <ClInclude Include="Maze_Control.h">
      <Filter>헤더 파일</Filter>
    </ClInclude>
  </ItemGroup>
  <ItemGroup>
    <ClCompile Include="Create_Maze.cpp">
      <Filter>소스 파일</Filter>
    </ClCompile>
    <ClCompile Include="2월말.cpp">
      <Filter>소스 파일</Filter>
    </ClCompile>
    <ClCompile Include="Graph.cpp">
      <Filter>소스 파일</Filter>
    </ClCompile>
    <ClCompile Include="GUI.cpp">
      <Filter>소스 파일</Filter>
    </ClCompile>
    <ClCompile Include="Maze_Changer.cpp">
      <Filter>소스 파일</Filter>
    </ClCompile>
    <ClCompile Include="Maze_Display.cpp">
      <Filter>소스 파일</Filter>
    </ClCompile>
    <ClCompile Include="Maze_Finder.cpp">
      <Filter>소스 파일</Filter>
    </ClCompile>
    <ClCompile Include="Maze_Maker.cpp">
      <Filter>소스 파일</Filter>
    </ClCompile>
    <ClCompile Include="Maze_Window.cpp">
      <Filter>소스 파일</Filter>
    </ClCompile>
    <ClCompile Include="Simple_window.cpp">
      <Filter>소스 파일</Filter>
    </ClCompile>
    <ClCompile Include="Window.cpp">
      <Filter>소스 파일</Filter>
    </ClCompile>
    <ClCompile Include="2월 15일까지.cpp">
      <Filter>소스 파일</Filter>
    </ClCompile>
  </ItemGroup>
  <ItemGroup>
    <Text Include="11111111.txt" />
    <Text Include="222222222.txt" />
    <Text Include="3333333333.txt" />
    <Text Include="44444444444.txt" />
  </ItemGroup>
</Project>